{
  "name": "ci4",
  "version": "1.0.0",
  "lockfileVersion": 1,
  "requires": true,
  "dependencies": {
    "stisla-theme": {
      "version": "1.0.6",
      "resolved": "https://registry.npmjs.org/stisla-theme/-/stisla-theme-1.0.6.tgz",
      "integrity": "sha512-ccMXkEJ/u98db5Kp5Ubb1IIM0AArZu2hTznOrau2WCdoqPjR5wBvZevCVosSffN2OajhwwN2GkQ5e1LkD9y50w=="
    },
    "yarn": {
      "version": "1.22.10",
      "resolved": "https://registry.npmjs.org/yarn/-/yarn-1.22.10.tgz",
      "integrity": "sha512-IanQGI9RRPAN87VGTF7zs2uxkSyQSrSPsju0COgbsKQOOXr5LtcVPeyXWgwVa0ywG3d8dg6kSYKGBuYK021qeA=="
    }
  }
}
